<Solution>
  <Folder Name="/src/">
    <Project Path="Application/Application.csproj" />
    <Project Path="Domain/Domain.csproj" />
    <Project Path="Infrastructure/Infrastructure.csproj" />
    <Project Path="Persistence/Persistence.csproj" />
  </Folder>
  <Folder Name="/src/Presentation/">
    <Project Path="FerrodoERPApi/FerrodoERPApi.csproj" />
  </Folder>
</Solution>
